
Microsoft Visual Studio Solution File, Format Version 12.00
# Visual Studio 14
VisualStudioVersion = 14.0.25420.1
MinimumVisualStudioVersion = 10.0.40219.1
Project("{FAE04EC0-301F-11D3-BF4B-00C04F79EFBC}") = "VS01", "VS01\VS01.csproj", "{398B64D7-FF26-456E-A315-CFD2770EF19A}"
EndProject
Project("{FAE04EC0-301F-11D3-BF4B-00C04F79EFBC}") = "VS01.Tests", "VS01.Tests\VS01.Tests.csproj", "{31A9EF39-4B49-4AE8-A4CB-0251920497B0}"
EndProject
Global
	GlobalSection(SolutionConfigurationPlatforms) = preSolution
		Debug|Any CPU = Debug|Any CPU
		Release|Any CPU = Release|Any CPU
	EndGlobalSection
	GlobalSection(ProjectConfigurationPlatforms) = postSolution
		{398B64D7-FF26-456E-A315-CFD2770EF19A}.Debug|Any CPU.ActiveCfg = Debug|Any CPU
		{398B64D7-FF26-456E-A315-CFD2770EF19A}.Debug|Any CPU.Build.0 = Debug|Any CPU
		{398B64D7-FF26-456E-A315-CFD2770EF19A}.Release|Any CPU.ActiveCfg = Release|Any CPU
		{398B64D7-FF26-456E-A315-CFD2770EF19A}.Release|Any CPU.Build.0 = Release|Any CPU
		{31A9EF39-4B49-4AE8-A4CB-0251920497B0}.Debug|Any CPU.ActiveCfg = Debug|Any CPU
		{31A9EF39-4B49-4AE8-A4CB-0251920497B0}.Debug|Any CPU.Build.0 = Debug|Any CPU
		{31A9EF39-4B49-4AE8-A4CB-0251920497B0}.Release|Any CPU.ActiveCfg = Release|Any CPU
		{31A9EF39-4B49-4AE8-A4CB-0251920497B0}.Release|Any CPU.Build.0 = Release|Any CPU
	EndGlobalSection
	GlobalSection(SolutionProperties) = preSolution
		HideSolutionNode = FALSE
	EndGlobalSection
EndGlobal
